
Microsoft Visual Studio Solution File, Format Version 12.00
# Visual Studio Version 17
VisualStudioVersion = 17.12.35527.113 d17.12
MinimumVisualStudioVersion = 10.0.40219.1
Project("{FAE04EC0-301F-11D3-BF4B-00C04F79EFBC}") = "Mission04", "Mission04.csproj", "{321FA271-6744-4F98-9C57-80E71669AC57}"
EndProject
Global
	GlobalSection(SolutionConfigurationPlatforms) = preSolution
		Debug|Any CPU = Debug|Any CPU
		Release|Any CPU = Release|Any CPU
	EndGlobalSection
	GlobalSection(ProjectConfigurationPlatforms) = postSolution
		{321FA271-6744-4F98-9C57-80E71669AC57}.Debug|Any CPU.ActiveCfg = Debug|Any CPU
		{321FA271-6744-4F98-9C57-80E71669AC57}.Debug|Any CPU.Build.0 = Debug|Any CPU
		{321FA271-6744-4F98-9C57-80E71669AC57}.Release|Any CPU.ActiveCfg = Release|Any CPU
		{321FA271-6744-4F98-9C57-80E71669AC57}.Release|Any CPU.Build.0 = Release|Any CPU
	EndGlobalSection
	GlobalSection(SolutionProperties) = preSolution
		HideSolutionNode = FALSE
	EndGlobalSection
EndGlobal
